// !$*UTF8*$!
{
	archiveVersion = 1;
	classes = {
	};
	objectVersion = 45;
	objects = {

/* Begin PBXBuildFile section */
		1D3623260D0F684500981E51 /* Chapter3_FrameworkAppDelegate.m in Sources */ = {isa = PBXBuildFile; fileRef = 1D3623250D0F684500981E51 /* Chapter3_FrameworkAppDelegate.m */; };
		1D60589B0D05DD56006BFB54 /* main.m in Sources */ = {isa = PBXBuildFile; fileRef = 29B97316FDCFA39411CA2CEA /* main.m */; };
		1D60589F0D05DD5A006BFB54 /* Foundation.framework in Frameworks */ = {isa = PBXBuildFile; fileRef = 1D30AB110D05D00D00671497 /* Foundation.framework */; };
		1DF5F4E00D08C38300B7A737 /* UIKit.framework in Frameworks */ = {isa = PBXBuildFile; fileRef = 1DF5F4DF0D08C38300B7A737 /* UIKit.framework */; };
		288765A50DF7441C002DB57D /* CoreGraphics.framework in Frameworks */ = {isa = PBXBuildFile; fileRef = 288765A40DF7441C002DB57D /* CoreGraphics.framework */; };
		2899E5220DE3E06400AC0155 /* Chapter3_FrameworkViewController.xib in Resources */ = {isa = PBXBuildFile; fileRef = 2899E5210DE3E06400AC0155 /* Chapter3_FrameworkViewController.xib */; };
		28AD733F0D9D9553002E5188 /* MainWindow.xib in Resources */ = {isa = PBXBuildFile; fileRef = 28AD733E0D9D9553002E5188 /* MainWindow.xib */; };
		28D7ACF80DDB3853001CB0EB /* Chapter3_FrameworkViewController.m in Sources */ = {isa = PBXBuildFile; fileRef = 28D7ACF70DDB3853001CB0EB /* Chapter3_FrameworkViewController.m */; };
		7F94D07E0FA96BDA00A02C11 /* tap.caf in Resources */ = {isa = PBXBuildFile; fileRef = 7F94D0740FA96BDA00A02C11 /* tap.caf */; };
		7F94D0800FA96BDA00A02C11 /* scissors.png in Resources */ = {isa = PBXBuildFile; fileRef = 7F94D0760FA96BDA00A02C11 /* scissors.png */; };
		7F94D0840FA96BDA00A02C11 /* drawregion.png in Resources */ = {isa = PBXBuildFile; fileRef = 7F94D07A0FA96BDA00A02C11 /* drawregion.png */; };
		7F94D08C0FA96C4F00A02C11 /* GLESGameState.m in Sources */ = {isa = PBXBuildFile; fileRef = 7F94D08A0FA96C4F00A02C11 /* GLESGameState.m */; };
		7F94D09D0FA96C9200A02C11 /* GameStateManager.m in Sources */ = {isa = PBXBuildFile; fileRef = 7F94D0990FA96C9200A02C11 /* GameStateManager.m */; };
		7F94D09E0FA96C9200A02C11 /* GameState.m in Sources */ = {isa = PBXBuildFile; fileRef = 7F94D09B0FA96C9200A02C11 /* GameState.m */; };
		7F94D0AB0FA96CA500A02C11 /* GLFont.m in Sources */ = {isa = PBXBuildFile; fileRef = 7F94D0A70FA96CA500A02C11 /* GLFont.m */; };
		7F94D0AC0FA96CA500A02C11 /* GLTexture.m in Sources */ = {isa = PBXBuildFile; fileRef = 7F94D0A90FA96CA500A02C11 /* GLTexture.m */; };
		7F94D0B50FA96CC100A02C11 /* ResourceManager.m in Sources */ = {isa = PBXBuildFile; fileRef = 7F94D0B30FA96CC100A02C11 /* ResourceManager.m */; };
		7F94D0BE0FA96CD500A02C11 /* SoundEngine.cpp in Sources */ = {isa = PBXBuildFile; fileRef = 7F94D0BD0FA96CD500A02C11 /* SoundEngine.cpp */; };
		7F94D0EF0FA96E6100A02C11 /* OpenGLES.framework in Frameworks */ = {isa = PBXBuildFile; fileRef = 7F94D0ED0FA96E6100A02C11 /* OpenGLES.framework */; };
		7F94D1000FA96E9100A02C11 /* AudioToolbox.framework in Frameworks */ = {isa = PBXBuildFile; fileRef = 7F94D0FF0FA96E9100A02C11 /* AudioToolbox.framework */; };
		7F94D1290FA970DA00A02C11 /* QuartzCore.framework in Frameworks */ = {isa = PBXBuildFile; fileRef = 7F94D1280FA970DA00A02C11 /* QuartzCore.framework */; };
		9B8D8B6C10E06E85005FB7EC /* OpenGLES.framework in Frameworks */ = {isa = PBXBuildFile; fileRef = 9B8D8B6B10E06E85005FB7EC /* OpenGLES.framework */; };
		9B8D8B7310E06EA5005FB7EC /* gsTextureTest.m in Sources */ = {isa = PBXBuildFile; fileRef = 9B8D8B7210E06EA5005FB7EC /* gsTextureTest.m */; };
		9B8D8BBC10E074BB005FB7EC /* social.mp3 in Resources */ = {isa = PBXBuildFile; fileRef = 9B8D8BBB10E074BB005FB7EC /* social.mp3 */; };
		9B8D8BC310E0754B005FB7EC /* soundtest.xib in Resources */ = {isa = PBXBuildFile; fileRef = 9B8D8BC210E0754B005FB7EC /* soundtest.xib */; };
		9B8D8BC810E0755F005FB7EC /* gsSoundTest.m in Sources */ = {isa = PBXBuildFile; fileRef = 9B8D8BC710E0755F005FB7EC /* gsSoundTest.m */; };
		9B8D8BE610E079AA005FB7EC /* storagetest.xib in Resources */ = {isa = PBXBuildFile; fileRef = 9B8D8BE510E079AA005FB7EC /* storagetest.xib */; };
		9B8D8BEB10E079CA005FB7EC /* gsStorageTest.m in Sources */ = {isa = PBXBuildFile; fileRef = 9B8D8BEA10E079CA005FB7EC /* gsStorageTest.m */; };
		9B8D8C0C10E0810E005FB7EC /* gsmainmenu.xib in Resources */ = {isa = PBXBuildFile; fileRef = 9B8D8C0B10E0810E005FB7EC /* gsmainmenu.xib */; };
		9B8D8C1110E08128005FB7EC /* gsMainMenu.m in Sources */ = {isa = PBXBuildFile; fileRef = 9B8D8C1010E08128005FB7EC /* gsMainMenu.m */; };
		9BEABBC60FFAA9BA00219B8E /* OpenAL.framework in Frameworks */ = {isa = PBXBuildFile; fileRef = 9BEABBC50FFAA9BA00219B8E /* OpenAL.framework */; };
		9C985967111E534700B44B29 /* gsToruTest.m in Sources */ = {isa = PBXBuildFile; fileRef = 9C985966111E534700B44B29 /* gsToruTest.m */; };
		9C985981111E56CB00B44B29 /* torutest.xib in Resources */ = {isa = PBXBuildFile; fileRef = 9C985980111E56CB00B44B29 /* torutest.xib */; };
		9C9A727711276A4100F692D6 /* lapi.c in Sources */ = {isa = PBXBuildFile; fileRef = 9C9A720E11276A4000F692D6 /* lapi.c */; };
		9C9A727811276A4100F692D6 /* lauxlib.c in Sources */ = {isa = PBXBuildFile; fileRef = 9C9A721011276A4000F692D6 /* lauxlib.c */; };
		9C9A727911276A4100F692D6 /* lbaselib.c in Sources */ = {isa = PBXBuildFile; fileRef = 9C9A721211276A4000F692D6 /* lbaselib.c */; };
		9C9A727A11276A4100F692D6 /* lcode.c in Sources */ = {isa = PBXBuildFile; fileRef = 9C9A721311276A4000F692D6 /* lcode.c */; };
		9C9A727B11276A4100F692D6 /* ldblib.c in Sources */ = {isa = PBXBuildFile; fileRef = 9C9A721511276A4000F692D6 /* ldblib.c */; };
		9C9A727C11276A4100F692D6 /* ldebug.c in Sources */ = {isa = PBXBuildFile; fileRef = 9C9A721611276A4000F692D6 /* ldebug.c */; };
		9C9A727D11276A4100F692D6 /* ldo.c in Sources */ = {isa = PBXBuildFile; fileRef = 9C9A721811276A4000F692D6 /* ldo.c */; };
		9C9A727E11276A4100F692D6 /* ldump.c in Sources */ = {isa = PBXBuildFile; fileRef = 9C9A721A11276A4000F692D6 /* ldump.c */; };
		9C9A727F11276A4100F692D6 /* lfunc.c in Sources */ = {isa = PBXBuildFile; fileRef = 9C9A721B11276A4000F692D6 /* lfunc.c */; };
		9C9A728011276A4100F692D6 /* lgc.c in Sources */ = {isa = PBXBuildFile; fileRef = 9C9A721D11276A4000F692D6 /* lgc.c */; };
		9C9A728111276A4100F692D6 /* linit.c in Sources */ = {isa = PBXBuildFile; fileRef = 9C9A721F11276A4000F692D6 /* linit.c */; };
		9C9A728211276A4100F692D6 /* liolib.c in Sources */ = {isa = PBXBuildFile; fileRef = 9C9A722011276A4000F692D6 /* liolib.c */; };
		9C9A728311276A4100F692D6 /* llex.c in Sources */ = {isa = PBXBuildFile; fileRef = 9C9A722111276A4000F692D6 /* llex.c */; };
		9C9A728411276A4100F692D6 /* lmathlib.c in Sources */ = {isa = PBXBuildFile; fileRef = 9C9A722411276A4000F692D6 /* lmathlib.c */; };
		9C9A728511276A4100F692D6 /* lmem.c in Sources */ = {isa = PBXBuildFile; fileRef = 9C9A722511276A4000F692D6 /* lmem.c */; };
		9C9A728611276A4100F692D6 /* loadlib.c in Sources */ = {isa = PBXBuildFile; fileRef = 9C9A722711276A4000F692D6 /* loadlib.c */; };
		9C9A728711276A4100F692D6 /* lobject.c in Sources */ = {isa = PBXBuildFile; fileRef = 9C9A722811276A4000F692D6 /* lobject.c */; };
		9C9A728811276A4100F692D6 /* lopcodes.c in Sources */ = {isa = PBXBuildFile; fileRef = 9C9A722A11276A4000F692D6 /* lopcodes.c */; };
		9C9A728911276A4100F692D6 /* loslib.c in Sources */ = {isa = PBXBuildFile; fileRef = 9C9A722C11276A4000F692D6 /* loslib.c */; };
		9C9A728A11276A4100F692D6 /* lparser.c in Sources */ = {isa = PBXBuildFile; fileRef = 9C9A722D11276A4000F692D6 /* lparser.c */; };
		9C9A728B11276A4100F692D6 /* lstate.c in Sources */ = {isa = PBXBuildFile; fileRef = 9C9A722F11276A4000F692D6 /* lstate.c */; };
		9C9A728C11276A4100F692D6 /* lstring.c in Sources */ = {isa = PBXBuildFile; fileRef = 9C9A723111276A4000F692D6 /* lstring.c */; };
		9C9A728D11276A4100F692D6 /* lstrlib.c in Sources */ = {isa = PBXBuildFile; fileRef = 9C9A723311276A4000F692D6 /* lstrlib.c */; };
		9C9A728E11276A4100F692D6 /* ltable.c in Sources */ = {isa = PBXBuildFile; fileRef = 9C9A723411276A4000F692D6 /* ltable.c */; };
		9C9A728F11276A4100F692D6 /* ltablib.c in Sources */ = {isa = PBXBuildFile; fileRef = 9C9A723611276A4000F692D6 /* ltablib.c */; };
		9C9A729011276A4100F692D6 /* ltm.c in Sources */ = {isa = PBXBuildFile; fileRef = 9C9A723711276A4000F692D6 /* ltm.c */; };
		9C9A729311276A4100F692D6 /* lundump.c in Sources */ = {isa = PBXBuildFile; fileRef = 9C9A723E11276A4000F692D6 /* lundump.c */; };
		9C9A729411276A4100F692D6 /* lvm.c in Sources */ = {isa = PBXBuildFile; fileRef = 9C9A724011276A4000F692D6 /* lvm.c */; };
		9C9A729511276A4100F692D6 /* lzio.c in Sources */ = {isa = PBXBuildFile; fileRef = 9C9A724211276A4000F692D6 /* lzio.c */; };
		9C9A729711276A4100F692D6 /* print.c in Sources */ = {isa = PBXBuildFile; fileRef = 9C9A724511276A4000F692D6 /* print.c */; };
		9C9A72AC11276A4100F692D6 /* sufarr.cpp in Sources */ = {isa = PBXBuildFile; fileRef = 9C9A725C11276A4100F692D6 /* sufarr.cpp */; };
		9C9A74251129324C00F692D6 /* sufarr_wrap.cpp in Sources */ = {isa = PBXBuildFile; fileRef = 9C9A74241129324C00F692D6 /* sufarr_wrap.cpp */; };
		9CC9B32C1131291400961340 /* indexer.lua in Resources */ = {isa = PBXBuildFile; fileRef = 9CC9B32B1131291400961340 /* indexer.lua */; };
		9CC9B33C11312CA500961340 /* kjv_mini.txt in CopyFiles */ = {isa = PBXBuildFile; fileRef = 9CC9B33B11312CA500961340 /* kjv_mini.txt */; };
		9CC9B3601132351C00961340 /* kjv_mini.idx in CopyFiles */ = {isa = PBXBuildFile; fileRef = 9CC9B35F1132351C00961340 /* kjv_mini.idx */; };
/* End PBXBuildFile section */

/* Begin PBXCopyFilesBuildPhase section */
		9CC9B386113237F400961340 /* CopyFiles */ = {
			isa = PBXCopyFilesBuildPhase;
			buildActionMask = 2147483647;
			dstPath = Documents;
			dstSubfolderSpec = 7;
			files = (
				9CC9B33C11312CA500961340 /* kjv_mini.txt in CopyFiles */,
				9CC9B3601132351C00961340 /* kjv_mini.idx in CopyFiles */,
			);
			runOnlyForDeploymentPostprocessing = 0;
		};
/* End PBXCopyFilesBuildPhase section */

/* Begin PBXFileReference section */
		1D30AB110D05D00D00671497 /* Foundation.framework */ = {isa = PBXFileReference; lastKnownFileType = wrapper.framework; name = Foundation.framework; path = System/Library/Frameworks/Foundation.framework; sourceTree = SDKROOT; };
		1D3623240D0F684500981E51 /* Chapter3_FrameworkAppDelegate.h */ = {isa = PBXFileReference; fileEncoding = 4; lastKnownFileType = sourcecode.c.h; path = Chapter3_FrameworkAppDelegate.h; sourceTree = "<group>"; };
		1D3623250D0F684500981E51 /* Chapter3_FrameworkAppDelegate.m */ = {isa = PBXFileReference; fileEncoding = 4; lastKnownFileType = sourcecode.c.objc; path = Chapter3_FrameworkAppDelegate.m; sourceTree = "<group>"; };
		1D6058910D05DD3D006BFB54 /* Chapter3 Framework.app */ = {isa = PBXFileReference; explicitFileType = wrapper.application; includeInIndex = 0; path = "Chapter3 Framework.app"; sourceTree = BUILT_PRODUCTS_DIR; };
		1DF5F4DF0D08C38300B7A737 /* UIKit.framework */ = {isa = PBXFileReference; lastKnownFileType = wrapper.framework; name = UIKit.framework; path = System/Library/Frameworks/UIKit.framework; sourceTree = SDKROOT; };
		288765A40DF7441C002DB57D /* CoreGraphics.framework */ = {isa = PBXFileReference; lastKnownFileType = wrapper.framework; name = CoreGraphics.framework; path = System/Library/Frameworks/CoreGraphics.framework; sourceTree = SDKROOT; };
		2899E5210DE3E06400AC0155 /* Chapter3_FrameworkViewController.xib */ = {isa = PBXFileReference; lastKnownFileType = file.xib; path = Chapter3_FrameworkViewController.xib; sourceTree = "<group>"; };
		28AD733E0D9D9553002E5188 /* MainWindow.xib */ = {isa = PBXFileReference; lastKnownFileType = file.xib; path = MainWindow.xib; sourceTree = "<group>"; };
		28D7ACF60DDB3853001CB0EB /* Chapter3_FrameworkViewController.h */ = {isa = PBXFileReference; fileEncoding = 4; lastKnownFileType = sourcecode.c.h; path = Chapter3_FrameworkViewController.h; sourceTree = "<group>"; };
		28D7ACF70DDB3853001CB0EB /* Chapter3_FrameworkViewController.m */ = {isa = PBXFileReference; fileEncoding = 4; lastKnownFileType = sourcecode.c.objc; path = Chapter3_FrameworkViewController.m; sourceTree = "<group>"; };
		29B97316FDCFA39411CA2CEA /* main.m */ = {isa = PBXFileReference; fileEncoding = 4; lastKnownFileType = sourcecode.c.objc; path = main.m; sourceTree = "<group>"; };
		32CA4F630368D1EE00C91783 /* Chapter3_Framework_Prefix.pch */ = {isa = PBXFileReference; fileEncoding = 4; lastKnownFileType = sourcecode.c.h; path = Chapter3_Framework_Prefix.pch; sourceTree = "<group>"; };
		7F94D0740FA96BDA00A02C11 /* tap.caf */ = {isa = PBXFileReference; lastKnownFileType = file; name = tap.caf; path = Resources/tap.caf; sourceTree = "<group>"; };
		7F94D0760FA96BDA00A02C11 /* scissors.png */ = {isa = PBXFileReference; lastKnownFileType = image.png; name = scissors.png; path = Resources/scissors.png; sourceTree = "<group>"; };
		7F94D07A0FA96BDA00A02C11 /* drawregion.png */ = {isa = PBXFileReference; lastKnownFileType = image.png; name = drawregion.png; path = Resources/drawregion.png; sourceTree = "<group>"; };
		7F94D08A0FA96C4F00A02C11 /* GLESGameState.m */ = {isa = PBXFileReference; fileEncoding = 4; lastKnownFileType = sourcecode.c.objc; path = GLESGameState.m; sourceTree = "<group>"; };
		7F94D08B0FA96C4F00A02C11 /* GLESGameState.h */ = {isa = PBXFileReference; fileEncoding = 4; lastKnownFileType = sourcecode.c.h; path = GLESGameState.h; sourceTree = "<group>"; };
		7F94D0990FA96C9200A02C11 /* GameStateManager.m */ = {isa = PBXFileReference; fileEncoding = 4; lastKnownFileType = sourcecode.c.objc; path = GameStateManager.m; sourceTree = "<group>"; };
		7F94D09A0FA96C9200A02C11 /* GameStateManager.h */ = {isa = PBXFileReference; fileEncoding = 4; lastKnownFileType = sourcecode.c.h; path = GameStateManager.h; sourceTree = "<group>"; };
		7F94D09B0FA96C9200A02C11 /* GameState.m */ = {isa = PBXFileReference; fileEncoding = 4; lastKnownFileType = sourcecode.c.objc; path = GameState.m; sourceTree = "<group>"; };
		7F94D09C0FA96C9200A02C11 /* GameState.h */ = {isa = PBXFileReference; fileEncoding = 4; lastKnownFileType = sourcecode.c.h; path = GameState.h; sourceTree = "<group>"; };
		7F94D0A70FA96CA500A02C11 /* GLFont.m */ = {isa = PBXFileReference; fileEncoding = 4; lastKnownFileType = sourcecode.c.objc; path = GLFont.m; sourceTree = "<group>"; };
		7F94D0A80FA96CA500A02C11 /* GLFont.h */ = {isa = PBXFileReference; fileEncoding = 4; lastKnownFileType = sourcecode.c.h; path = GLFont.h; sourceTree = "<group>"; };
		7F94D0A90FA96CA500A02C11 /* GLTexture.m */ = {isa = PBXFileReference; fileEncoding = 4; lastKnownFileType = sourcecode.c.objc; path = GLTexture.m; sourceTree = "<group>"; };
		7F94D0AA0FA96CA500A02C11 /* GLTexture.h */ = {isa = PBXFileReference; fileEncoding = 4; lastKnownFileType = sourcecode.c.h; path = GLTexture.h; sourceTree = "<group>"; };
		7F94D0B30FA96CC100A02C11 /* ResourceManager.m */ = {isa = PBXFileReference; fileEncoding = 4; lastKnownFileType = sourcecode.c.objc; path = ResourceManager.m; sourceTree = "<group>"; };
		7F94D0B40FA96CC100A02C11 /* ResourceManager.h */ = {isa = PBXFileReference; fileEncoding = 4; lastKnownFileType = sourcecode.c.h; path = ResourceManager.h; sourceTree = "<group>"; };
		7F94D0BC0FA96CD500A02C11 /* SoundEngine.h */ = {isa = PBXFileReference; fileEncoding = 4; lastKnownFileType = sourcecode.c.h; path = SoundEngine.h; sourceTree = "<group>"; };
		7F94D0BD0FA96CD500A02C11 /* SoundEngine.cpp */ = {isa = PBXFileReference; fileEncoding = 4; lastKnownFileType = sourcecode.cpp.cpp; path = SoundEngine.cpp; sourceTree = "<group>"; };
		7F94D0ED0FA96E6100A02C11 /* OpenGLES.framework */ = {isa = PBXFileReference; lastKnownFileType = wrapper.framework; name = OpenGLES.framework; path = System/Library/Frameworks/OpenGLES.framework; sourceTree = SDKROOT; };
		7F94D0FF0FA96E9100A02C11 /* AudioToolbox.framework */ = {isa = PBXFileReference; lastKnownFileType = wrapper.framework; name = AudioToolbox.framework; path = System/Library/Frameworks/AudioToolbox.framework; sourceTree = SDKROOT; };
		7F94D1280FA970DA00A02C11 /* QuartzCore.framework */ = {isa = PBXFileReference; lastKnownFileType = wrapper.framework; name = QuartzCore.framework; path = System/Library/Frameworks/QuartzCore.framework; sourceTree = SDKROOT; };
		8D1107310486CEB800E47090 /* Info.plist */ = {isa = PBXFileReference; fileEncoding = 4; lastKnownFileType = text.plist.xml; path = Info.plist; sourceTree = "<group>"; };
		9B8D8B6B10E06E85005FB7EC /* OpenGLES.framework */ = {isa = PBXFileReference; lastKnownFileType = wrapper.framework; name = OpenGLES.framework; path = System/Library/Frameworks/OpenGLES.framework; sourceTree = SDKROOT; };
		9B8D8B7110E06EA5005FB7EC /* gsTextureTest.h */ = {isa = PBXFileReference; fileEncoding = 4; lastKnownFileType = sourcecode.c.h; path = gsTextureTest.h; sourceTree = "<group>"; };
		9B8D8B7210E06EA5005FB7EC /* gsTextureTest.m */ = {isa = PBXFileReference; fileEncoding = 4; lastKnownFileType = sourcecode.c.objc; path = gsTextureTest.m; sourceTree = "<group>"; };
		9B8D8BBB10E074BB005FB7EC /* social.mp3 */ = {isa = PBXFileReference; lastKnownFileType = audio.mp3; name = social.mp3; path = Resources/social.mp3; sourceTree = "<group>"; };
		9B8D8BC210E0754B005FB7EC /* soundtest.xib */ = {isa = PBXFileReference; lastKnownFileType = file.xib; name = soundtest.xib; path = Resources/soundtest.xib; sourceTree = "<group>"; };
		9B8D8BC610E0755F005FB7EC /* gsSoundTest.h */ = {isa = PBXFileReference; fileEncoding = 4; lastKnownFileType = sourcecode.c.h; path = gsSoundTest.h; sourceTree = "<group>"; };
		9B8D8BC710E0755F005FB7EC /* gsSoundTest.m */ = {isa = PBXFileReference; fileEncoding = 4; lastKnownFileType = sourcecode.c.objc; path = gsSoundTest.m; sourceTree = "<group>"; };
		9B8D8BE510E079AA005FB7EC /* storagetest.xib */ = {isa = PBXFileReference; lastKnownFileType = file.xib; name = storagetest.xib; path = Resources/storagetest.xib; sourceTree = "<group>"; };
		9B8D8BE910E079CA005FB7EC /* gsStorageTest.h */ = {isa = PBXFileReference; fileEncoding = 4; lastKnownFileType = sourcecode.c.h; path = gsStorageTest.h; sourceTree = "<group>"; };
		9B8D8BEA10E079CA005FB7EC /* gsStorageTest.m */ = {isa = PBXFileReference; fileEncoding = 4; lastKnownFileType = sourcecode.c.objc; path = gsStorageTest.m; sourceTree = "<group>"; };
		9B8D8C0B10E0810E005FB7EC /* gsmainmenu.xib */ = {isa = PBXFileReference; lastKnownFileType = file.xib; name = gsmainmenu.xib; path = Resources/gsmainmenu.xib; sourceTree = "<group>"; };
		9B8D8C0F10E08128005FB7EC /* gsMainMenu.h */ = {isa = PBXFileReference; fileEncoding = 4; lastKnownFileType = sourcecode.c.h; path = gsMainMenu.h; sourceTree = "<group>"; };
		9B8D8C1010E08128005FB7EC /* gsMainMenu.m */ = {isa = PBXFileReference; fileEncoding = 4; lastKnownFileType = sourcecode.c.objc; path = gsMainMenu.m; sourceTree = "<group>"; };
		9BEABBC50FFAA9BA00219B8E /* OpenAL.framework */ = {isa = PBXFileReference; lastKnownFileType = wrapper.framework; name = OpenAL.framework; path = System/Library/Frameworks/OpenAL.framework; sourceTree = SDKROOT; };
		9C985965111E534700B44B29 /* gsToruTest.h */ = {isa = PBXFileReference; fileEncoding = 4; lastKnownFileType = sourcecode.c.h; path = gsToruTest.h; sourceTree = "<group>"; };
		9C985966111E534700B44B29 /* gsToruTest.m */ = {isa = PBXFileReference; fileEncoding = 4; lastKnownFileType = sourcecode.c.objc; path = gsToruTest.m; sourceTree = "<group>"; };
		9C985980111E56CB00B44B29 /* torutest.xib */ = {isa = PBXFileReference; lastKnownFileType = file.xib; path = torutest.xib; sourceTree = "<group>"; };
		9C9A720E11276A4000F692D6 /* lapi.c */ = {isa = PBXFileReference; fileEncoding = 4; lastKnownFileType = sourcecode.c.c; path = lapi.c; sourceTree = "<group>"; };
		9C9A720F11276A4000F692D6 /* lapi.h */ = {isa = PBXFileReference; fileEncoding = 4; lastKnownFileType = sourcecode.c.h; path = lapi.h; sourceTree = "<group>"; };
		9C9A721011276A4000F692D6 /* lauxlib.c */ = {isa = PBXFileReference; fileEncoding = 4; lastKnownFileType = sourcecode.c.c; path = lauxlib.c; sourceTree = "<group>"; };
		9C9A721111276A4000F692D6 /* lauxlib.h */ = {isa = PBXFileReference; fileEncoding = 4; lastKnownFileType = sourcecode.c.h; path = lauxlib.h; sourceTree = "<group>"; };
		9C9A721211276A4000F692D6 /* lbaselib.c */ = {isa = PBXFileReference; fileEncoding = 4; lastKnownFileType = sourcecode.c.c; path = lbaselib.c; sourceTree = "<group>"; };
		9C9A721311276A4000F692D6 /* lcode.c */ = {isa = PBXFileReference; fileEncoding = 4; lastKnownFileType = sourcecode.c.c; path = lcode.c; sourceTree = "<group>"; };
		9C9A721411276A4000F692D6 /* lcode.h */ = {isa = PBXFileReference; fileEncoding = 4; lastKnownFileType = sourcecode.c.h; path = lcode.h; sourceTree = "<group>"; };
		9C9A721511276A4000F692D6 /* ldblib.c */ = {isa = PBXFileReference; fileEncoding = 4; lastKnownFileType = sourcecode.c.c; path = ldblib.c; sourceTree = "<group>"; };
		9C9A721611276A4000F692D6 /* ldebug.c */ = {isa = PBXFileReference; fileEncoding = 4; lastKnownFileType = sourcecode.c.c; path = ldebug.c; sourceTree = "<group>"; };
		9C9A721711276A4000F692D6 /* ldebug.h */ = {isa = PBXFileReference; fileEncoding = 4; lastKnownFileType = sourcecode.c.h; path = ldebug.h; sourceTree = "<group>"; };
		9C9A721811276A4000F692D6 /* ldo.c */ = {isa = PBXFileReference; fileEncoding = 4; lastKnownFileType = sourcecode.c.c; path = ldo.c; sourceTree = "<group>"; };
		9C9A721911276A4000F692D6 /* ldo.h */ = {isa = PBXFileReference; fileEncoding = 4; lastKnownFileType = sourcecode.c.h; path = ldo.h; sourceTree = "<group>"; };
		9C9A721A11276A4000F692D6 /* ldump.c */ = {isa = PBXFileReference; fileEncoding = 4; lastKnownFileType = sourcecode.c.c; path = ldump.c; sourceTree = "<group>"; };
		9C9A721B11276A4000F692D6 /* lfunc.c */ = {isa = PBXFileReference; fileEncoding = 4; lastKnownFileType = sourcecode.c.c; path = lfunc.c; sourceTree = "<group>"; };
		9C9A721C11276A4000F692D6 /* lfunc.h */ = {isa = PBXFileReference; fileEncoding = 4; lastKnownFileType = sourcecode.c.h; path = lfunc.h; sourceTree = "<group>"; };
		9C9A721D11276A4000F692D6 /* lgc.c */ = {isa = PBXFileReference; fileEncoding = 4; lastKnownFileType = sourcecode.c.c; path = lgc.c; sourceTree = "<group>"; };
		9C9A721E11276A4000F692D6 /* lgc.h */ = {isa = PBXFileReference; fileEncoding = 4; lastKnownFileType = sourcecode.c.h; path = lgc.h; sourceTree = "<group>"; };
		9C9A721F11276A4000F692D6 /* linit.c */ = {isa = PBXFileReference; fileEncoding = 4; lastKnownFileType = sourcecode.c.c; path = linit.c; sourceTree = "<group>"; };
		9C9A722011276A4000F692D6 /* liolib.c */ = {isa = PBXFileReference; fileEncoding = 4; lastKnownFileType = sourcecode.c.c; path = liolib.c; sourceTree = "<group>"; };
		9C9A722111276A4000F692D6 /* llex.c */ = {isa = PBXFileReference; fileEncoding = 4; lastKnownFileType = sourcecode.c.c; path = llex.c; sourceTree = "<group>"; };
		9C9A722211276A4000F692D6 /* llex.h */ = {isa = PBXFileReference; fileEncoding = 4; lastKnownFileType = sourcecode.c.h; path = llex.h; sourceTree = "<group>"; };
		9C9A722311276A4000F692D6 /* llimits.h */ = {isa = PBXFileReference; fileEncoding = 4; lastKnownFileType = sourcecode.c.h; path = llimits.h; sourceTree = "<group>"; };
		9C9A722411276A4000F692D6 /* lmathlib.c */ = {isa = PBXFileReference; fileEncoding = 4; lastKnownFileType = sourcecode.c.c; path = lmathlib.c; sourceTree = "<group>"; };
		9C9A722511276A4000F692D6 /* lmem.c */ = {isa = PBXFileReference; fileEncoding = 4; lastKnownFileType = sourcecode.c.c; path = lmem.c; sourceTree = "<group>"; };
		9C9A722611276A4000F692D6 /* lmem.h */ = {isa = PBXFileReference; fileEncoding = 4; lastKnownFileType = sourcecode.c.h; path = lmem.h; sourceTree = "<group>"; };
		9C9A722711276A4000F692D6 /* loadlib.c */ = {isa = PBXFileReference; fileEncoding = 4; lastKnownFileType = sourcecode.c.c; path = loadlib.c; sourceTree = "<group>"; };
		9C9A722811276A4000F692D6 /* lobject.c */ = {isa = PBXFileReference; fileEncoding = 4; lastKnownFileType = sourcecode.c.c; path = lobject.c; sourceTree = "<group>"; };
		9C9A722911276A4000F692D6 /* lobject.h */ = {isa = PBXFileReference; fileEncoding = 4; lastKnownFileType = sourcecode.c.h; path = lobject.h; sourceTree = "<group>"; };
		9C9A722A11276A4000F692D6 /* lopcodes.c */ = {isa = PBXFileReference; fileEncoding = 4; lastKnownFileType = sourcecode.c.c; path = lopcodes.c; sourceTree = "<group>"; };
		9C9A722B11276A4000F692D6 /* lopcodes.h */ = {isa = PBXFileReference; fileEncoding = 4; lastKnownFileType = sourcecode.c.h; path = lopcodes.h; sourceTree = "<group>"; };
		9C9A722C11276A4000F692D6 /* loslib.c */ = {isa = PBXFileReference; fileEncoding = 4; lastKnownFileType = sourcecode.c.c; path = loslib.c; sourceTree = "<group>"; };
		9C9A722D11276A4000F692D6 /* lparser.c */ = {isa = PBXFileReference; fileEncoding = 4; lastKnownFileType = sourcecode.c.c; path = lparser.c; sourceTree = "<group>"; };
		9C9A722E11276A4000F692D6 /* lparser.h */ = {isa = PBXFileReference; fileEncoding = 4; lastKnownFileType = sourcecode.c.h; path = lparser.h; sourceTree = "<group>"; };
		9C9A722F11276A4000F692D6 /* lstate.c */ = {isa = PBXFileReference; fileEncoding = 4; lastKnownFileType = sourcecode.c.c; path = lstate.c; sourceTree = "<group>"; };
		9C9A723011276A4000F692D6 /* lstate.h */ = {isa = PBXFileReference; fileEncoding = 4; lastKnownFileType = sourcecode.c.h; path = lstate.h; sourceTree = "<group>"; };
		9C9A723111276A4000F692D6 /* lstring.c */ = {isa = PBXFileReference; fileEncoding = 4; lastKnownFileType = sourcecode.c.c; path = lstring.c; sourceTree = "<group>"; };
		9C9A723211276A4000F692D6 /* lstring.h */ = {isa = PBXFileReference; fileEncoding = 4; lastKnownFileType = sourcecode.c.h; path = lstring.h; sourceTree = "<group>"; };
		9C9A723311276A4000F692D6 /* lstrlib.c */ = {isa = PBXFileReference; fileEncoding = 4; lastKnownFileType = sourcecode.c.c; path = lstrlib.c; sourceTree = "<group>"; };
		9C9A723411276A4000F692D6 /* ltable.c */ = {isa = PBXFileReference; fileEncoding = 4; lastKnownFileType = sourcecode.c.c; path = ltable.c; sourceTree = "<group>"; };
		9C9A723511276A4000F692D6 /* ltable.h */ = {isa = PBXFileReference; fileEncoding = 4; lastKnownFileType = sourcecode.c.h; path = ltable.h; sourceTree = "<group>"; };
		9C9A723611276A4000F692D6 /* ltablib.c */ = {isa = PBXFileReference; fileEncoding = 4; lastKnownFileType = sourcecode.c.c; path = ltablib.c; sourceTree = "<group>"; };
		9C9A723711276A4000F692D6 /* ltm.c */ = {isa = PBXFileReference; fileEncoding = 4; lastKnownFileType = sourcecode.c.c; path = ltm.c; sourceTree = "<group>"; };
		9C9A723811276A4000F692D6 /* ltm.h */ = {isa = PBXFileReference; fileEncoding = 4; lastKnownFileType = sourcecode.c.h; path = ltm.h; sourceTree = "<group>"; };
		9C9A723A11276A4000F692D6 /* lua.h */ = {isa = PBXFileReference; fileEncoding = 4; lastKnownFileType = sourcecode.c.h; path = lua.h; sourceTree = "<group>"; };
		9C9A723C11276A4000F692D6 /* luaconf.h */ = {isa = PBXFileReference; fileEncoding = 4; lastKnownFileType = sourcecode.c.h; path = luaconf.h; sourceTree = "<group>"; };
		9C9A723D11276A4000F692D6 /* lualib.h */ = {isa = PBXFileReference; fileEncoding = 4; lastKnownFileType = sourcecode.c.h; path = lualib.h; sourceTree = "<group>"; };
		9C9A723E11276A4000F692D6 /* lundump.c */ = {isa = PBXFileReference; fileEncoding = 4; lastKnownFileType = sourcecode.c.c; path = lundump.c; sourceTree = "<group>"; };
		9C9A723F11276A4000F692D6 /* lundump.h */ = {isa = PBXFileReference; fileEncoding = 4; lastKnownFileType = sourcecode.c.h; path = lundump.h; sourceTree = "<group>"; };
		9C9A724011276A4000F692D6 /* lvm.c */ = {isa = PBXFileReference; fileEncoding = 4; lastKnownFileType = sourcecode.c.c; path = lvm.c; sourceTree = "<group>"; };
		9C9A724111276A4000F692D6 /* lvm.h */ = {isa = PBXFileReference; fileEncoding = 4; lastKnownFileType = sourcecode.c.h; path = lvm.h; sourceTree = "<group>"; };
		9C9A724211276A4000F692D6 /* lzio.c */ = {isa = PBXFileReference; fileEncoding = 4; lastKnownFileType = sourcecode.c.c; path = lzio.c; sourceTree = "<group>"; };
		9C9A724311276A4000F692D6 /* lzio.h */ = {isa = PBXFileReference; fileEncoding = 4; lastKnownFileType = sourcecode.c.h; path = lzio.h; sourceTree = "<group>"; };
		9C9A724511276A4000F692D6 /* print.c */ = {isa = PBXFileReference; fileEncoding = 4; lastKnownFileType = sourcecode.c.c; path = print.c; sourceTree = "<group>"; };
		9C9A725B11276A4100F692D6 /* sufarr_c_api.h */ = {isa = PBXFileReference; fileEncoding = 4; lastKnownFileType = sourcecode.c.h; name = sufarr_c_api.h; path = ../sufarr_c_api.h; sourceTree = SOURCE_ROOT; };
		9C9A725C11276A4100F692D6 /* sufarr.cpp */ = {isa = PBXFileReference; fileEncoding = 4; lastKnownFileType = sourcecode.cpp.cpp; name = sufarr.cpp; path = ../sufarr.cpp; sourceTree = SOURCE_ROOT; };
		9C9A74241129324C00F692D6 /* sufarr_wrap.cpp */ = {isa = PBXFileReference; fileEncoding = 4; lastKnownFileType = sourcecode.cpp.cpp; path = sufarr_wrap.cpp; sourceTree = "<group>"; };
		9C9A742D112932EF00F692D6 /* malloc.h */ = {isa = PBXFileReference; fileEncoding = 4; lastKnownFileType = sourcecode.c.h; path = malloc.h; sourceTree = "<group>"; };
		9CC9B2A8112D2B3800961340 /* kjv.txt */ = {isa = PBXFileReference; fileEncoding = 4; lastKnownFileType = text; name = kjv.txt; path = Resources/kjv.txt; sourceTree = "<group>"; };
		9CC9B32B1131291400961340 /* indexer.lua */ = {isa = PBXFileReference; fileEncoding = 4; lastKnownFileType = text; name = indexer.lua; path = ../indexer.lua; sourceTree = SOURCE_ROOT; };
		9CC9B33B11312CA500961340 /* kjv_mini.txt */ = {isa = PBXFileReference; fileEncoding = 4; lastKnownFileType = text; name = kjv_mini.txt; path = Resources/kjv_mini.txt; sourceTree = "<group>"; };
		9CC9B35F1132351C00961340 /* kjv_mini.idx */ = {isa = PBXFileReference; lastKnownFileType = file; name = kjv_mini.idx; path = Resources/kjv_mini.idx; sourceTree = "<group>"; };
/* End PBXFileReference section */

/* Begin PBXFrameworksBuildPhase section */
		1D60588F0D05DD3D006BFB54 /* Frameworks */ = {
			isa = PBXFrameworksBuildPhase;
			buildActionMask = 2147483647;
			files = (
				1D60589F0D05DD5A006BFB54 /* Foundation.framework in Frameworks */,
				1DF5F4E00D08C38300B7A737 /* UIKit.framework in Frameworks */,
				288765A50DF7441C002DB57D /* CoreGraphics.framework in Frameworks */,
				7F94D0EF0FA96E6100A02C11 /* OpenGLES.framework in Frameworks */,
				7F94D1000FA96E9100A02C11 /* AudioToolbox.framework in Frameworks */,
				7F94D1290FA970DA00A02C11 /* QuartzCore.framework in Frameworks */,
				9BEABBC60FFAA9BA00219B8E /* OpenAL.framework in Frameworks */,
				9B8D8B6C10E06E85005FB7EC /* OpenGLES.framework in Frameworks */,
			);
			runOnlyForDeploymentPostprocessing = 0;
		};
/* End PBXFrameworksBuildPhase section */

/* Begin PBXGroup section */
		080E96DDFE201D6D7F000001 /* Classes */ = {
			isa = PBXGroup;
			children = (
				7F94D0C40FA96CF700A02C11 /* GameStates */,
				7F94D0BF0FA96CDE00A02C11 /* Framework */,
				1D3623240D0F684500981E51 /* Chapter3_FrameworkAppDelegate.h */,
				1D3623250D0F684500981E51 /* Chapter3_FrameworkAppDelegate.m */,
				28D7ACF60DDB3853001CB0EB /* Chapter3_FrameworkViewController.h */,
				28D7ACF70DDB3853001CB0EB /* Chapter3_FrameworkViewController.m */,
			);
			path = Classes;
			sourceTree = "<group>";
		};
		19C28FACFE9D520D11CA2CBB /* Products */ = {
			isa = PBXGroup;
			children = (
				1D6058910D05DD3D006BFB54 /* Chapter3 Framework.app */,
			);
			name = Products;
			sourceTree = "<group>";
		};
		29B97314FDCFA39411CA2CEA /* CustomTemplate */ = {
			isa = PBXGroup;
			children = (
				080E96DDFE201D6D7F000001 /* Classes */,
				29B97315FDCFA39411CA2CEA /* Other Sources */,
				29B97317FDCFA39411CA2CEA /* Resources */,
				29B97323FDCFA39411CA2CEA /* Frameworks */,
				19C28FACFE9D520D11CA2CBB /* Products */,
				9C985980111E56CB00B44B29 /* torutest.xib */,
			);
			name = CustomTemplate;
			sourceTree = "<group>";
		};
		29B97315FDCFA39411CA2CEA /* Other Sources */ = {
			isa = PBXGroup;
			children = (
				9C9A74241129324C00F692D6 /* sufarr_wrap.cpp */,
				9C9A71EE11276A0800F692D6 /* SuffixArray */,
				32CA4F630368D1EE00C91783 /* Chapter3_Framework_Prefix.pch */,
				29B97316FDCFA39411CA2CEA /* main.m */,
				9C9A742D112932EF00F692D6 /* malloc.h */,
			);
			name = "Other Sources";
			sourceTree = "<group>";
		};
		29B97317FDCFA39411CA2CEA /* Resources */ = {
			isa = PBXGroup;
			children = (
				9CC9B35F1132351C00961340 /* kjv_mini.idx */,
				9CC9B32B1131291400961340 /* indexer.lua */,
				9CC9B2A8112D2B3800961340 /* kjv.txt */,
				9CC9B33B11312CA500961340 /* kjv_mini.txt */,
				9B8D8BE510E079AA005FB7EC /* storagetest.xib */,
				9B8D8BBB10E074BB005FB7EC /* social.mp3 */,
				7F94D1020FA96EE900A02C11 /* Textures */,
				7F94D1010FA96EE300A02C11 /* Sounds */,
				2899E5210DE3E06400AC0155 /* Chapter3_FrameworkViewController.xib */,
				28AD733E0D9D9553002E5188 /* MainWindow.xib */,
				8D1107310486CEB800E47090 /* Info.plist */,
				9B8D8BC210E0754B005FB7EC /* soundtest.xib */,
				9B8D8C0B10E0810E005FB7EC /* gsmainmenu.xib */,
			);
			name = Resources;
			sourceTree = "<group>";
		};
		29B97323FDCFA39411CA2CEA /* Frameworks */ = {
			isa = PBXGroup;
			children = (
				9B8D8B6B10E06E85005FB7EC /* OpenGLES.framework */,
				9BEABBC50FFAA9BA00219B8E /* OpenAL.framework */,
				7F94D1280FA970DA00A02C11 /* QuartzCore.framework */,
				7F94D0FF0FA96E9100A02C11 /* AudioToolbox.framework */,
				7F94D0ED0FA96E6100A02C11 /* OpenGLES.framework */,
				1DF5F4DF0D08C38300B7A737 /* UIKit.framework */,
				1D30AB110D05D00D00671497 /* Foundation.framework */,
				288765A40DF7441C002DB57D /* CoreGraphics.framework */,
			);
			name = Frameworks;
			sourceTree = "<group>";
		};
		7F94D0BF0FA96CDE00A02C11 /* Framework */ = {
			isa = PBXGroup;
			children = (
				7F94D0BC0FA96CD500A02C11 /* SoundEngine.h */,
				7F94D0BD0FA96CD500A02C11 /* SoundEngine.cpp */,
				7F94D0B30FA96CC100A02C11 /* ResourceManager.m */,
				7F94D0B40FA96CC100A02C11 /* ResourceManager.h */,
				7F94D0A70FA96CA500A02C11 /* GLFont.m */,
				7F94D0A80FA96CA500A02C11 /* GLFont.h */,
				7F94D0A90FA96CA500A02C11 /* GLTexture.m */,
				7F94D0AA0FA96CA500A02C11 /* GLTexture.h */,
				7F94D0990FA96C9200A02C11 /* GameStateManager.m */,
				7F94D09A0FA96C9200A02C11 /* GameStateManager.h */,
				7F94D09B0FA96C9200A02C11 /* GameState.m */,
				7F94D09C0FA96C9200A02C11 /* GameState.h */,
				7F94D08A0FA96C4F00A02C11 /* GLESGameState.m */,
				7F94D08B0FA96C4F00A02C11 /* GLESGameState.h */,
			);
			name = Framework;
			sourceTree = "<group>";
		};
		7F94D0C40FA96CF700A02C11 /* GameStates */ = {
			isa = PBXGroup;
			children = (
				9B8D8B7110E06EA5005FB7EC /* gsTextureTest.h */,
				9B8D8B7210E06EA5005FB7EC /* gsTextureTest.m */,
				9B8D8BC610E0755F005FB7EC /* gsSoundTest.h */,
				9B8D8BC710E0755F005FB7EC /* gsSoundTest.m */,
				9B8D8BE910E079CA005FB7EC /* gsStorageTest.h */,
				9B8D8BEA10E079CA005FB7EC /* gsStorageTest.m */,
				9B8D8C0F10E08128005FB7EC /* gsMainMenu.h */,
				9B8D8C1010E08128005FB7EC /* gsMainMenu.m */,
				9C985965111E534700B44B29 /* gsToruTest.h */,
				9C985966111E534700B44B29 /* gsToruTest.m */,
			);
			name = GameStates;
			sourceTree = "<group>";
		};
		7F94D1010FA96EE300A02C11 /* Sounds */ = {
			isa = PBXGroup;
			children = (
				7F94D0740FA96BDA00A02C11 /* tap.caf */,
			);
			name = Sounds;
			sourceTree = "<group>";
		};
		7F94D1020FA96EE900A02C11 /* Textures */ = {
			isa = PBXGroup;
			children = (
				7F94D0760FA96BDA00A02C11 /* scissors.png */,
				7F94D07A0FA96BDA00A02C11 /* drawregion.png */,
			);
			name = Textures;
			sourceTree = "<group>";
		};
		9C9A71EE11276A0800F692D6 /* SuffixArray */ = {
			isa = PBXGroup;
			children = (
				9C9A71EF11276A4000F692D6 /* lua-5.1.4 */,
				9C9A725B11276A4100F692D6 /* sufarr_c_api.h */,
				9C9A725C11276A4100F692D6 /* sufarr.cpp */,
			);
			name = SuffixArray;
			sourceTree = "<group>";
		};
		9C9A71EF11276A4000F692D6 /* lua-5.1.4 */ = {
			isa = PBXGroup;
			children = (
				9C9A720D11276A4000F692D6 /* src */,
			);
			name = "lua-5.1.4";
			path = "../lua-5.1.4";
			sourceTree = SOURCE_ROOT;
		};
		9C9A720D11276A4000F692D6 /* src */ = {
			isa = PBXGroup;
			children = (
				9C9A720E11276A4000F692D6 /* lapi.c */,
				9C9A720F11276A4000F692D6 /* lapi.h */,
				9C9A721011276A4000F692D6 /* lauxlib.c */,
				9C9A721111276A4000F692D6 /* lauxlib.h */,
				9C9A721211276A4000F692D6 /* lbaselib.c */,
				9C9A721311276A4000F692D6 /* lcode.c */,
				9C9A721411276A4000F692D6 /* lcode.h */,
				9C9A721511276A4000F692D6 /* ldblib.c */,
				9C9A721611276A4000F692D6 /* ldebug.c */,
				9C9A721711276A4000F692D6 /* ldebug.h */,
				9C9A721811276A4000F692D6 /* ldo.c */,
				9C9A721911276A4000F692D6 /* ldo.h */,
				9C9A721A11276A4000F692D6 /* ldump.c */,
				9C9A721B11276A4000F692D6 /* lfunc.c */,
				9C9A721C11276A4000F692D6 /* lfunc.h */,
				9C9A721D11276A4000F692D6 /* lgc.c */,
				9C9A721E11276A4000F692D6 /* lgc.h */,
				9C9A721F11276A4000F692D6 /* linit.c */,
				9C9A722011276A4000F692D6 /* liolib.c */,
				9C9A722111276A4000F692D6 /* llex.c */,
				9C9A722211276A4000F692D6 /* llex.h */,
				9C9A722311276A4000F692D6 /* llimits.h */,
				9C9A722411276A4000F692D6 /* lmathlib.c */,
				9C9A722511276A4000F692D6 /* lmem.c */,
				9C9A722611276A4000F692D6 /* lmem.h */,
				9C9A722711276A4000F692D6 /* loadlib.c */,
				9C9A722811276A4000F692D6 /* lobject.c */,
				9C9A722911276A4000F692D6 /* lobject.h */,
				9C9A722A11276A4000F692D6 /* lopcodes.c */,
				9C9A722B11276A4000F692D6 /* lopcodes.h */,
				9C9A722C11276A4000F692D6 /* loslib.c */,
				9C9A722D11276A4000F692D6 /* lparser.c */,
				9C9A722E11276A4000F692D6 /* lparser.h */,
				9C9A722F11276A4000F692D6 /* lstate.c */,
				9C9A723011276A4000F692D6 /* lstate.h */,
				9C9A723111276A4000F692D6 /* lstring.c */,
				9C9A723211276A4000F692D6 /* lstring.h */,
				9C9A723311276A4000F692D6 /* lstrlib.c */,
				9C9A723411276A4000F692D6 /* ltable.c */,
				9C9A723511276A4000F692D6 /* ltable.h */,
				9C9A723611276A4000F692D6 /* ltablib.c */,
				9C9A723711276A4000F692D6 /* ltm.c */,
				9C9A723811276A4000F692D6 /* ltm.h */,
				9C9A723A11276A4000F692D6 /* lua.h */,
				9C9A723C11276A4000F692D6 /* luaconf.h */,
				9C9A723D11276A4000F692D6 /* lualib.h */,
				9C9A723E11276A4000F692D6 /* lundump.c */,
				9C9A723F11276A4000F692D6 /* lundump.h */,
				9C9A724011276A4000F692D6 /* lvm.c */,
				9C9A724111276A4000F692D6 /* lvm.h */,
				9C9A724211276A4000F692D6 /* lzio.c */,
				9C9A724311276A4000F692D6 /* lzio.h */,
				9C9A724511276A4000F692D6 /* print.c */,
			);
			path = src;
			sourceTree = "<group>";
		};
/* End PBXGroup section */

/* Begin PBXNativeTarget section */
		1D6058900D05DD3D006BFB54 /* Bible Search */ = {
			isa = PBXNativeTarget;
			buildConfigurationList = 1D6058960D05DD3E006BFB54 /* Build configuration list for PBXNativeTarget "Bible Search" */;
			buildPhases = (
				1D60588D0D05DD3D006BFB54 /* Resources */,
				9CC9B386113237F400961340 /* CopyFiles */,
				9C9A740911292F4600F692D6 /* ShellScript */,
				1D60588E0D05DD3D006BFB54 /* Sources */,
				1D60588F0D05DD3D006BFB54 /* Frameworks */,
			);
			buildRules = (
			);
			dependencies = (
			);
			name = "Bible Search";
			productName = "Chapter3 Framework";
			productReference = 1D6058910D05DD3D006BFB54 /* Chapter3 Framework.app */;
			productType = "com.apple.product-type.application";
		};
/* End PBXNativeTarget section */

/* Begin PBXProject section */
		29B97313FDCFA39411CA2CEA /* Project object */ = {
			isa = PBXProject;
			buildConfigurationList = C01FCF4E08A954540054247B /* Build configuration list for PBXProject "Chapter3 Framework" */;
			compatibilityVersion = "Xcode 3.1";
			hasScannedForEncodings = 1;
			mainGroup = 29B97314FDCFA39411CA2CEA /* CustomTemplate */;
			projectDirPath = "";
			projectRoot = "";
			targets = (
				1D6058900D05DD3D006BFB54 /* Bible Search */,
			);
		};
/* End PBXProject section */

/* Begin PBXResourcesBuildPhase section */
		1D60588D0D05DD3D006BFB54 /* Resources */ = {
			isa = PBXResourcesBuildPhase;
			buildActionMask = 2147483647;
			files = (
				28AD733F0D9D9553002E5188 /* MainWindow.xib in Resources */,
				2899E5220DE3E06400AC0155 /* Chapter3_FrameworkViewController.xib in Resources */,
				7F94D07E0FA96BDA00A02C11 /* tap.caf in Resources */,
				7F94D0800FA96BDA00A02C11 /* scissors.png in Resources */,
				7F94D0840FA96BDA00A02C11 /* drawregion.png in Resources */,
				9B8D8BBC10E074BB005FB7EC /* social.mp3 in Resources */,
				9B8D8BC310E0754B005FB7EC /* soundtest.xib in Resources */,
				9B8D8BE610E079AA005FB7EC /* storagetest.xib in Resources */,
				9B8D8C0C10E0810E005FB7EC /* gsmainmenu.xib in Resources */,
				9C985981111E56CB00B44B29 /* torutest.xib in Resources */,
				9CC9B32C1131291400961340 /* indexer.lua in Resources */,
			);
			runOnlyForDeploymentPostprocessing = 0;
		};
/* End PBXResourcesBuildPhase section */

/* Begin PBXShellScriptBuildPhase section */
		9C9A740911292F4600F692D6 /* ShellScript */ = {
			isa = PBXShellScriptBuildPhase;
			buildActionMask = 2147483647;
			files = (
			);
			inputPaths = (
			);
			outputPaths = (
			);
			runOnlyForDeploymentPostprocessing = 0;
			shellPath = /bin/sh;
			shellScript = "swig -o sufarr_wrap.cpp -c++ -lua ../sufarr.i";
		};
/* End PBXShellScriptBuildPhase section */

/* Begin PBXSourcesBuildPhase section */
		1D60588E0D05DD3D006BFB54 /* Sources */ = {
			isa = PBXSourcesBuildPhase;
			buildActionMask = 2147483647;
			files = (
				1D60589B0D05DD56006BFB54 /* main.m in Sources */,
				1D3623260D0F684500981E51 /* Chapter3_FrameworkAppDelegate.m in Sources */,
				28D7ACF80DDB3853001CB0EB /* Chapter3_FrameworkViewController.m in Sources */,
				7F94D08C0FA96C4F00A02C11 /* GLESGameState.m in Sources */,
				7F94D09D0FA96C9200A02C11 /* GameStateManager.m in Sources */,
				7F94D09E0FA96C9200A02C11 /* GameState.m in Sources */,
				7F94D0AB0FA96CA500A02C11 /* GLFont.m in Sources */,
				7F94D0AC0FA96CA500A02C11 /* GLTexture.m in Sources */,
				7F94D0B50FA96CC100A02C11 /* ResourceManager.m in Sources */,
				7F94D0BE0FA96CD500A02C11 /* SoundEngine.cpp in Sources */,
				9B8D8B7310E06EA5005FB7EC /* gsTextureTest.m in Sources */,
				9B8D8BC810E0755F005FB7EC /* gsSoundTest.m in Sources */,
				9B8D8BEB10E079CA005FB7EC /* gsStorageTest.m in Sources */,
				9B8D8C1110E08128005FB7EC /* gsMainMenu.m in Sources */,
				9C985967111E534700B44B29 /* gsToruTest.m in Sources */,
				9C9A727711276A4100F692D6 /* lapi.c in Sources */,
				9C9A727811276A4100F692D6 /* lauxlib.c in Sources */,
				9C9A727911276A4100F692D6 /* lbaselib.c in Sources */,
				9C9A727A11276A4100F692D6 /* lcode.c in Sources */,
				9C9A727B11276A4100F692D6 /* ldblib.c in Sources */,
				9C9A727C11276A4100F692D6 /* ldebug.c in Sources */,
				9C9A727D11276A4100F692D6 /* ldo.c in Sources */,
				9C9A727E11276A4100F692D6 /* ldump.c in Sources */,
				9C9A727F11276A4100F692D6 /* lfunc.c in Sources */,
				9C9A728011276A4100F692D6 /* lgc.c in Sources */,
				9C9A728111276A4100F692D6 /* linit.c in Sources */,
				9C9A728211276A4100F692D6 /* liolib.c in Sources */,
				9C9A728311276A4100F692D6 /* llex.c in Sources */,
				9C9A728411276A4100F692D6 /* lmathlib.c in Sources */,
				9C9A728511276A4100F692D6 /* lmem.c in Sources */,
				9C9A728611276A4100F692D6 /* loadlib.c in Sources */,
				9C9A728711276A4100F692D6 /* lobject.c in Sources */,
				9C9A728811276A4100F692D6 /* lopcodes.c in Sources */,
				9C9A728911276A4100F692D6 /* loslib.c in Sources */,
				9C9A728A11276A4100F692D6 /* lparser.c in Sources */,
				9C9A728B11276A4100F692D6 /* lstate.c in Sources */,
				9C9A728C11276A4100F692D6 /* lstring.c in Sources */,
				9C9A728D11276A4100F692D6 /* lstrlib.c in Sources */,
				9C9A728E11276A4100F692D6 /* ltable.c in Sources */,
				9C9A728F11276A4100F692D6 /* ltablib.c in Sources */,
				9C9A729011276A4100F692D6 /* ltm.c in Sources */,
				9C9A729311276A4100F692D6 /* lundump.c in Sources */,
				9C9A729411276A4100F692D6 /* lvm.c in Sources */,
				9C9A729511276A4100F692D6 /* lzio.c in Sources */,
				9C9A729711276A4100F692D6 /* print.c in Sources */,
				9C9A72AC11276A4100F692D6 /* sufarr.cpp in Sources */,
				9C9A74251129324C00F692D6 /* sufarr_wrap.cpp in Sources */,
			);
			runOnlyForDeploymentPostprocessing = 0;
		};
/* End PBXSourcesBuildPhase section */

/* Begin XCBuildConfiguration section */
		1D6058940D05DD3E006BFB54 /* Debug */ = {
			isa = XCBuildConfiguration;
			buildSettings = {
				ALWAYS_SEARCH_USER_PATHS = NO;
				COPY_PHASE_STRIP = NO;
				FRAMEWORK_SEARCH_PATHS = (
					"$(inherited)",
					"\"$(SRCROOT)/..\"",
				);
				GCC_DYNAMIC_NO_PIC = NO;
				GCC_OPTIMIZATION_LEVEL = 0;
				GCC_PRECOMPILE_PREFIX_HEADER = YES;
				GCC_PREFIX_HEADER = Chapter3_Framework_Prefix.pch;
				INFOPLIST_FILE = Info.plist;
				LIBRARY_SEARCH_PATHS = (
					"$(inherited)",
					"\"$(SRCROOT)/../../../../local/lib\"",
				);
				PRODUCT_NAME = "Chapter3 Framework";
			};
			name = Debug;
		};
		1D6058950D05DD3E006BFB54 /* Release */ = {
			isa = XCBuildConfiguration;
			buildSettings = {
				ALWAYS_SEARCH_USER_PATHS = NO;
				COPY_PHASE_STRIP = YES;
				FRAMEWORK_SEARCH_PATHS = (
					"$(inherited)",
					"\"$(SRCROOT)/..\"",
				);
				GCC_PRECOMPILE_PREFIX_HEADER = YES;
				GCC_PREFIX_HEADER = Chapter3_Framework_Prefix.pch;
				INFOPLIST_FILE = Info.plist;
				LIBRARY_SEARCH_PATHS = (
					"$(inherited)",
					"\"$(SRCROOT)/../../../../local/lib\"",
				);
				PRODUCT_NAME = "Chapter3 Framework";
			};
			name = Release;
		};
		C01FCF4F08A954540054247B /* Debug */ = {
			isa = XCBuildConfiguration;
			buildSettings = {
				ARCHS = "$(ARCHS_STANDARD_32_BIT)";
				"CODE_SIGN_IDENTITY[sdk=iphoneos*]" = "iPhone Developer";
				GCC_C_LANGUAGE_STANDARD = c99;
				GCC_PREPROCESSOR_DEFINITIONS = LUA_USE_LINUX;
				GCC_WARN_ABOUT_RETURN_TYPE = YES;
				GCC_WARN_UNUSED_VARIABLE = YES;
				ONLY_ACTIVE_ARCH = YES;
				OTHER_CFLAGS = "-I.";
				PREBINDING = NO;
				SDKROOT = iphonesimulator3.0;
			};
			name = Debug;
		};
		C01FCF5008A954540054247B /* Release */ = {
			isa = XCBuildConfiguration;
			buildSettings = {
				ARCHS = "$(ARCHS_STANDARD_32_BIT)";
				"CODE_SIGN_IDENTITY[sdk=iphoneos*]" = "iPhone Developer";
				GCC_C_LANGUAGE_STANDARD = c99;
				GCC_WARN_ABOUT_RETURN_TYPE = YES;
				GCC_WARN_UNUSED_VARIABLE = YES;
				PREBINDING = NO;
				SDKROOT = iphonesimulator3.0;
			};
			name = Release;
		};
/* End XCBuildConfiguration section */

/* Begin XCConfigurationList section */
		1D6058960D05DD3E006BFB54 /* Build configuration list for PBXNativeTarget "Bible Search" */ = {
			isa = XCConfigurationList;
			buildConfigurations = (
				1D6058940D05DD3E006BFB54 /* Debug */,
				1D6058950D05DD3E006BFB54 /* Release */,
			);
			defaultConfigurationIsVisible = 0;
			defaultConfigurationName = Release;
		};
		C01FCF4E08A954540054247B /* Build configuration list for PBXProject "Chapter3 Framework" */ = {
			isa = XCConfigurationList;
			buildConfigurations = (
				C01FCF4F08A954540054247B /* Debug */,
				C01FCF5008A954540054247B /* Release */,
			);
			defaultConfigurationIsVisible = 0;
			defaultConfigurationName = Release;
		};
/* End XCConfigurationList section */
	};
	rootObject = 29B97313FDCFA39411CA2CEA /* Project object */;
}
